PODS:
  - ActionSheetPicker-3.0 (2.5.0)
  - GDataXML-HTML (1.4.1)
  - MBProgressHUD (1.2.0)
  - shared (1.0):
    - Topping (= 0.1.7)
  - Toaster (2.3.0)
  - Topping (0.1.7):
    - ActionSheetPicker-3.0 (= 2.5.0)
    - GDataXML-HTML (= 1.4.1)
    - MBProgressHUD (= 1.2.0)
    - Toaster (= 2.3.0)

DEPENDENCIES:
  - shared (from `../shared`)
  - Topping (= 0.1.7)

SPEC REPOS:
  https://github.com/CocoaPods/Specs.git:
    - ActionSheetPicker-3.0
    - GDataXML-HTML
    - MBProgressHUD
    - Toaster
  https://github.com/Deadknight/dk-specs.git:
    - Topping

EXTERNAL SOURCES:
  shared:
    :path: "../shared"

SPEC CHECKSUMS:
  ActionSheetPicker-3.0: 6d79f6f3b98e2b21d218dd65a39f634ff37a27e5
  GDataXML-HTML: a4f11079b48d9fe96ff1fe478943a317185227e2
  MBProgressHUD: 3ee5efcc380f6a79a7cc9b363dd669c5e1ae7406
  shared: a2b3332d3d36d24c488d86bdb0654ca785a6772e
  Toaster: c3473963c78e8cabbf6ea6f11ad0fdaae6f54987
  Topping: bda8c0d656641679bc9063a4e43299ce457629f0

PODFILE CHECKSUM: 4b8807d04ed259b1386bca4185bc3d39c74d119a

COCOAPODS: 1.11.3
